
Microsoft Visual Studio Solution File, Format Version 12.00
Project("{FAE04EC0-301F-11D3-BF4B-00C04F79EFBC}") = "AIRHOCKEY", "AIRHOCKEY\AIRHOCKEY.csproj", "{C5E25DA5-C5D3-4DAA-80C8-A8C462593B63}"
EndProject
Global
	GlobalSection(SolutionConfigurationPlatforms) = preSolution
		Debug|Any CPU = Debug|Any CPU
		Release|Any CPU = Release|Any CPU
	EndGlobalSection
	GlobalSection(ProjectConfigurationPlatforms) = postSolution
		{C5E25DA5-C5D3-4DAA-80C8-A8C462593B63}.Debug|Any CPU.ActiveCfg = Debug|Any CPU
		{C5E25DA5-C5D3-4DAA-80C8-A8C462593B63}.Debug|Any CPU.Build.0 = Debug|Any CPU
		{C5E25DA5-C5D3-4DAA-80C8-A8C462593B63}.Release|Any CPU.ActiveCfg = Release|Any CPU
		{C5E25DA5-C5D3-4DAA-80C8-A8C462593B63}.Release|Any CPU.Build.0 = Release|Any CPU
	EndGlobalSection
EndGlobal
